
Microsoft Visual Studio Solution File, Format Version 12.00
# Visual Studio 14
VisualStudioVersion = 14.0.25420.1
MinimumVisualStudioVersion = 10.0.40219.1
Project("{FAE04EC0-301F-11D3-BF4B-00C04F79EFBC}") = "DScraper", "DScraper\DScraper.csproj", "{D7DFA1DC-31B2-4D85-A4A4-75FD1E513F25}"
EndProject
Project("{FAE04EC0-301F-11D3-BF4B-00C04F79EFBC}") = "DScraper.ConsoleTest", "DScraper.ConsoleTest\DScraper.ConsoleTest.csproj", "{D2354594-31B5-4EC2-B153-CFCD084632DB}"
EndProject
Project("{FAE04EC0-301F-11D3-BF4B-00C04F79EFBC}") = "DScraper.WindowsService", "DScraper.WindowsService\DScraper.WindowsService.csproj", "{1D230C57-4897-4090-AAFF-392E2553E80A}"
EndProject
Project("{FAE04EC0-301F-11D3-BF4B-00C04F79EFBC}") = "DScraper.Executable", "DScraper.Executable\DScraper.Executable.csproj", "{811521CA-AD1B-4C68-9B5B-4F1F0181AC39}"
EndProject
Global
	GlobalSection(SolutionConfigurationPlatforms) = preSolution
		Debug|Any CPU = Debug|Any CPU
		Release|Any CPU = Release|Any CPU
	EndGlobalSection
	GlobalSection(ProjectConfigurationPlatforms) = postSolution
		{D7DFA1DC-31B2-4D85-A4A4-75FD1E513F25}.Debug|Any CPU.ActiveCfg = Debug|Any CPU
		{D7DFA1DC-31B2-4D85-A4A4-75FD1E513F25}.Debug|Any CPU.Build.0 = Debug|Any CPU
		{D7DFA1DC-31B2-4D85-A4A4-75FD1E513F25}.Release|Any CPU.ActiveCfg = Release|Any CPU
		{D7DFA1DC-31B2-4D85-A4A4-75FD1E513F25}.Release|Any CPU.Build.0 = Release|Any CPU
		{D2354594-31B5-4EC2-B153-CFCD084632DB}.Debug|Any CPU.ActiveCfg = Debug|Any CPU
		{D2354594-31B5-4EC2-B153-CFCD084632DB}.Debug|Any CPU.Build.0 = Debug|Any CPU
		{D2354594-31B5-4EC2-B153-CFCD084632DB}.Release|Any CPU.ActiveCfg = Release|Any CPU
		{D2354594-31B5-4EC2-B153-CFCD084632DB}.Release|Any CPU.Build.0 = Release|Any CPU
		{1D230C57-4897-4090-AAFF-392E2553E80A}.Debug|Any CPU.ActiveCfg = Debug|Any CPU
		{1D230C57-4897-4090-AAFF-392E2553E80A}.Debug|Any CPU.Build.0 = Debug|Any CPU
		{1D230C57-4897-4090-AAFF-392E2553E80A}.Release|Any CPU.ActiveCfg = Release|Any CPU
		{1D230C57-4897-4090-AAFF-392E2553E80A}.Release|Any CPU.Build.0 = Release|Any CPU
		{811521CA-AD1B-4C68-9B5B-4F1F0181AC39}.Debug|Any CPU.ActiveCfg = Debug|Any CPU
		{811521CA-AD1B-4C68-9B5B-4F1F0181AC39}.Debug|Any CPU.Build.0 = Debug|Any CPU
		{811521CA-AD1B-4C68-9B5B-4F1F0181AC39}.Release|Any CPU.ActiveCfg = Release|Any CPU
		{811521CA-AD1B-4C68-9B5B-4F1F0181AC39}.Release|Any CPU.Build.0 = Release|Any CPU
	EndGlobalSection
	GlobalSection(SolutionProperties) = preSolution
		HideSolutionNode = FALSE
	EndGlobalSection
EndGlobal
